
Microsoft Visual Studio Solution File, Format Version 12.00
# Visual Studio 15
VisualStudioVersion = 15.0.27428.2015
MinimumVisualStudioVersion = 10.0.40219.1
Project("{FAE04EC0-301F-11D3-BF4B-00C04F79EFBC}") = "Auth0.OidcClient.Android", "Auth0.OidcClient\Auth0.OidcClient.Android\Auth0.OidcClient.Android.csproj", "{E6575EFB-41B8-405B-9B8C-5D05EA0C22CE}"
EndProject
Project("{FAE04EC0-301F-11D3-BF4B-00C04F79EFBC}") = "Auth0.OidcClient.iOS", "Auth0.OidcClient\Auth0.OidcClient.iOS\Auth0.OidcClient.iOS.csproj", "{F22E7E0C-C446-4655-88CC-FED200F6A4C4}"
EndProject
Project("{FAE04EC0-301F-11D3-BF4B-00C04F79EFBC}") = "Auth0.OidcClient.UWP", "Auth0.OidcClient\Auth0.OidcClient.UWP\Auth0.OidcClient.UWP.csproj", "{304D624D-2898-4F15-BA9B-C70862572BEA}"
EndProject
Project("{D954291E-2A0B-460D-934E-DC6B0785DB48}") = "Auth0.OidcClient", "Auth0.OidcClient\Auth0.OidcClient\Auth0.OidcClient.shproj", "{CC47D7E4-C8C4-4E30-8467-A6B86D557BC4}"
EndProject
Global
	GlobalSection(SharedMSBuildProjectFiles) = preSolution
		Auth0.OidcClient\Auth0.OidcClient\Auth0.OidcClient.projitems*{304d624d-2898-4f15-ba9b-c70862572bea}*SharedItemsImports = 4
		Auth0.OidcClient\Auth0.OidcClient\Auth0.OidcClient.projitems*{cc47d7e4-c8c4-4e30-8467-a6b86d557bc4}*SharedItemsImports = 13
		Auth0.OidcClient\Auth0.OidcClient\Auth0.OidcClient.projitems*{e6575efb-41b8-405b-9b8c-5d05ea0c22ce}*SharedItemsImports = 4
		Auth0.OidcClient\Auth0.OidcClient\Auth0.OidcClient.projitems*{f22e7e0c-c446-4655-88cc-fed200f6a4c4}*SharedItemsImports = 4
	EndGlobalSection
	GlobalSection(SolutionConfigurationPlatforms) = preSolution
		Ad-Hoc|Any CPU = Ad-Hoc|Any CPU
		Ad-Hoc|ARM = Ad-Hoc|ARM
		Ad-Hoc|iPhone = Ad-Hoc|iPhone
		Ad-Hoc|iPhoneSimulator = Ad-Hoc|iPhoneSimulator
		Ad-Hoc|x64 = Ad-Hoc|x64
		Ad-Hoc|x86 = Ad-Hoc|x86
		AppStore|Any CPU = AppStore|Any CPU
		AppStore|ARM = AppStore|ARM
		AppStore|iPhone = AppStore|iPhone
		AppStore|iPhoneSimulator = AppStore|iPhoneSimulator
		AppStore|x64 = AppStore|x64
		AppStore|x86 = AppStore|x86
		Debug|Any CPU = Debug|Any CPU
		Debug|ARM = Debug|ARM
		Debug|iPhone = Debug|iPhone
		Debug|iPhoneSimulator = Debug|iPhoneSimulator
		Debug|x64 = Debug|x64
		Debug|x86 = Debug|x86
		Release|Any CPU = Release|Any CPU
		Release|ARM = Release|ARM
		Release|iPhone = Release|iPhone
		Release|iPhoneSimulator = Release|iPhoneSimulator
		Release|x64 = Release|x64
		Release|x86 = Release|x86
	EndGlobalSection
	GlobalSection(ProjectConfigurationPlatforms) = postSolution
		{E6575EFB-41B8-405B-9B8C-5D05EA0C22CE}.Ad-Hoc|Any CPU.ActiveCfg = Release|Any CPU
		{E6575EFB-41B8-405B-9B8C-5D05EA0C22CE}.Ad-Hoc|Any CPU.Build.0 = Release|Any CPU
		{E6575EFB-41B8-405B-9B8C-5D05EA0C22CE}.Ad-Hoc|Any CPU.Deploy.0 = Release|Any CPU
		{E6575EFB-41B8-405B-9B8C-5D05EA0C22CE}.Ad-Hoc|ARM.ActiveCfg = Release|Any CPU
		{E6575EFB-41B8-405B-9B8C-5D05EA0C22CE}.Ad-Hoc|ARM.Build.0 = Release|Any CPU
		{E6575EFB-41B8-405B-9B8C-5D05EA0C22CE}.Ad-Hoc|ARM.Deploy.0 = Release|Any CPU
		{E6575EFB-41B8-405B-9B8C-5D05EA0C22CE}.Ad-Hoc|iPhone.ActiveCfg = Release|Any CPU
		{E6575EFB-41B8-405B-9B8C-5D05EA0C22CE}.Ad-Hoc|iPhone.Build.0 = Release|Any CPU
		{E6575EFB-41B8-405B-9B8C-5D05EA0C22CE}.Ad-Hoc|iPhone.Deploy.0 = Release|Any CPU
		{E6575EFB-41B8-405B-9B8C-5D05EA0C22CE}.Ad-Hoc|iPhoneSimulator.ActiveCfg = Release|Any CPU
		{E6575EFB-41B8-405B-9B8C-5D05EA0C22CE}.Ad-Hoc|iPhoneSimulator.Build.0 = Release|Any CPU
		{E6575EFB-41B8-405B-9B8C-5D05EA0C22CE}.Ad-Hoc|iPhoneSimulator.Deploy.0 = Release|Any CPU
		{E6575EFB-41B8-405B-9B8C-5D05EA0C22CE}.Ad-Hoc|x64.ActiveCfg = Release|Any CPU
		{E6575EFB-41B8-405B-9B8C-5D05EA0C22CE}.Ad-Hoc|x64.Build.0 = Release|Any CPU
		{E6575EFB-41B8-405B-9B8C-5D05EA0C22CE}.Ad-Hoc|x64.Deploy.0 = Release|Any CPU
		{E6575EFB-41B8-405B-9B8C-5D05EA0C22CE}.Ad-Hoc|x86.ActiveCfg = Release|Any CPU
		{E6575EFB-41B8-405B-9B8C-5D05EA0C22CE}.Ad-Hoc|x86.Build.0 = Release|Any CPU
		{E6575EFB-41B8-405B-9B8C-5D05EA0C22CE}.Ad-Hoc|x86.Deploy.0 = Release|Any CPU
		{E6575EFB-41B8-405B-9B8C-5D05EA0C22CE}.AppStore|Any CPU.ActiveCfg = Release|Any CPU
		{E6575EFB-41B8-405B-9B8C-5D05EA0C22CE}.AppStore|Any CPU.Build.0 = Release|Any CPU
		{E6575EFB-41B8-405B-9B8C-5D05EA0C22CE}.AppStore|Any CPU.Deploy.0 = Release|Any CPU
		{E6575EFB-41B8-405B-9B8C-5D05EA0C22CE}.AppStore|ARM.ActiveCfg = Release|Any CPU
		{E6575EFB-41B8-405B-9B8C-5D05EA0C22CE}.AppStore|ARM.Build.0 = Release|Any CPU
		{E6575EFB-41B8-405B-9B8C-5D05EA0C22CE}.AppStore|ARM.Deploy.0 = Release|Any CPU
		{E6575EFB-41B8-405B-9B8C-5D05EA0C22CE}.AppStore|iPhone.ActiveCfg = Release|Any CPU
		{E6575EFB-41B8-405B-9B8C-5D05EA0C22CE}.AppStore|iPhone.Build.0 = Release|Any CPU
		{E6575EFB-41B8-405B-9B8C-5D05EA0C22CE}.AppStore|iPhone.Deploy.0 = Release|Any CPU
		{E6575EFB-41B8-405B-9B8C-5D05EA0C22CE}.AppStore|iPhoneSimulator.ActiveCfg = Release|Any CPU
		{E6575EFB-41B8-405B-9B8C-5D05EA0C22CE}.AppStore|iPhoneSimulator.Build.0 = Release|Any CPU
		{E6575EFB-41B8-405B-9B8C-5D05EA0C22CE}.AppStore|iPhoneSimulator.Deploy.0 = Release|Any CPU
		{E6575EFB-41B8-405B-9B8C-5D05EA0C22CE}.AppStore|x64.ActiveCfg = Release|Any CPU
		{E6575EFB-41B8-405B-9B8C-5D05EA0C22CE}.AppStore|x64.Build.0 = Release|Any CPU
		{E6575EFB-41B8-405B-9B8C-5D05EA0C22CE}.AppStore|x64.Deploy.0 = Release|Any CPU
		{E6575EFB-41B8-405B-9B8C-5D05EA0C22CE}.AppStore|x86.ActiveCfg = Release|Any CPU
		{E6575EFB-41B8-405B-9B8C-5D05EA0C22CE}.AppStore|x86.Build.0 = Release|Any CPU
		{E6575EFB-41B8-405B-9B8C-5D05EA0C22CE}.AppStore|x86.Deploy.0 = Release|Any CPU
		{E6575EFB-41B8-405B-9B8C-5D05EA0C22CE}.Debug|Any CPU.ActiveCfg = Debug|Any CPU
		{E6575EFB-41B8-405B-9B8C-5D05EA0C22CE}.Debug|Any CPU.Build.0 = Debug|Any CPU
		{E6575EFB-41B8-405B-9B8C-5D05EA0C22CE}.Debug|Any CPU.Deploy.0 = Debug|Any CPU
		{E6575EFB-41B8-405B-9B8C-5D05EA0C22CE}.Debug|ARM.ActiveCfg = Debug|Any CPU
		{E6575EFB-41B8-405B-9B8C-5D05EA0C22CE}.Debug|ARM.Build.0 = Debug|Any CPU
		{E6575EFB-41B8-405B-9B8C-5D05EA0C22CE}.Debug|ARM.Deploy.0 = Debug|Any CPU
		{E6575EFB-41B8-405B-9B8C-5D05EA0C22CE}.Debug|iPhone.ActiveCfg = Debug|Any CPU
		{E6575EFB-41B8-405B-9B8C-5D05EA0C22CE}.Debug|iPhone.Build.0 = Debug|Any CPU
		{E6575EFB-41B8-405B-9B8C-5D05EA0C22CE}.Debug|iPhone.Deploy.0 = Debug|Any CPU
		{E6575EFB-41B8-405B-9B8C-5D05EA0C22CE}.Debug|iPhoneSimulator.ActiveCfg = Debug|Any CPU
		{E6575EFB-41B8-405B-9B8C-5D05EA0C22CE}.Debug|iPhoneSimulator.Build.0 = Debug|Any CPU
		{E6575EFB-41B8-405B-9B8C-5D05EA0C22CE}.Debug|iPhoneSimulator.Deploy.0 = Debug|Any CPU
		{E6575EFB-41B8-405B-9B8C-5D05EA0C22CE}.Debug|x64.ActiveCfg = Debug|Any CPU
		{E6575EFB-41B8-405B-9B8C-5D05EA0C22CE}.Debug|x64.Build.0 = Debug|Any CPU
		{E6575EFB-41B8-405B-9B8C-5D05EA0C22CE}.Debug|x64.Deploy.0 = Debug|Any CPU
		{E6575EFB-41B8-405B-9B8C-5D05EA0C22CE}.Debug|x86.ActiveCfg = Debug|Any CPU
		{E6575EFB-41B8-405B-9B8C-5D05EA0C22CE}.Debug|x86.Build.0 = Debug|Any CPU
		{E6575EFB-41B8-405B-9B8C-5D05EA0C22CE}.Debug|x86.Deploy.0 = Debug|Any CPU
		{E6575EFB-41B8-405B-9B8C-5D05EA0C22CE}.Release|Any CPU.ActiveCfg = Release|Any CPU
		{E6575EFB-41B8-405B-9B8C-5D05EA0C22CE}.Release|Any CPU.Build.0 = Release|Any CPU
		{E6575EFB-41B8-405B-9B8C-5D05EA0C22CE}.Release|Any CPU.Deploy.0 = Release|Any CPU
		{E6575EFB-41B8-405B-9B8C-5D05EA0C22CE}.Release|ARM.ActiveCfg = Release|Any CPU
		{E6575EFB-41B8-405B-9B8C-5D05EA0C22CE}.Release|ARM.Build.0 = Release|Any CPU
		{E6575EFB-41B8-405B-9B8C-5D05EA0C22CE}.Release|ARM.Deploy.0 = Release|Any CPU
		{E6575EFB-41B8-405B-9B8C-5D05EA0C22CE}.Release|iPhone.ActiveCfg = Release|Any CPU
		{E6575EFB-41B8-405B-9B8C-5D05EA0C22CE}.Release|iPhone.Build.0 = Release|Any CPU
		{E6575EFB-41B8-405B-9B8C-5D05EA0C22CE}.Release|iPhone.Deploy.0 = Release|Any CPU
		{E6575EFB-41B8-405B-9B8C-5D05EA0C22CE}.Release|iPhoneSimulator.ActiveCfg = Release|Any CPU
		{E6575EFB-41B8-405B-9B8C-5D05EA0C22CE}.Release|iPhoneSimulator.Build.0 = Release|Any CPU
		{E6575EFB-41B8-405B-9B8C-5D05EA0C22CE}.Release|iPhoneSimulator.Deploy.0 = Release|Any CPU
		{E6575EFB-41B8-405B-9B8C-5D05EA0C22CE}.Release|x64.ActiveCfg = Release|Any CPU
		{E6575EFB-41B8-405B-9B8C-5D05EA0C22CE}.Release|x64.Build.0 = Release|Any CPU
		{E6575EFB-41B8-405B-9B8C-5D05EA0C22CE}.Release|x64.Deploy.0 = Release|Any CPU
		{E6575EFB-41B8-405B-9B8C-5D05EA0C22CE}.Release|x86.ActiveCfg = Release|Any CPU
		{E6575EFB-41B8-405B-9B8C-5D05EA0C22CE}.Release|x86.Build.0 = Release|Any CPU
		{E6575EFB-41B8-405B-9B8C-5D05EA0C22CE}.Release|x86.Deploy.0 = Release|Any CPU
		{F22E7E0C-C446-4655-88CC-FED200F6A4C4}.Ad-Hoc|Any CPU.ActiveCfg = Ad-Hoc|iPhone
		{F22E7E0C-C446-4655-88CC-FED200F6A4C4}.Ad-Hoc|ARM.ActiveCfg = Ad-Hoc|iPhone
		{F22E7E0C-C446-4655-88CC-FED200F6A4C4}.Ad-Hoc|iPhone.ActiveCfg = Ad-Hoc|iPhone
		{F22E7E0C-C446-4655-88CC-FED200F6A4C4}.Ad-Hoc|iPhone.Build.0 = Ad-Hoc|iPhone
		{F22E7E0C-C446-4655-88CC-FED200F6A4C4}.Ad-Hoc|iPhoneSimulator.ActiveCfg = Ad-Hoc|iPhoneSimulator
		{F22E7E0C-C446-4655-88CC-FED200F6A4C4}.Ad-Hoc|iPhoneSimulator.Build.0 = Ad-Hoc|iPhoneSimulator
		{F22E7E0C-C446-4655-88CC-FED200F6A4C4}.Ad-Hoc|x64.ActiveCfg = Ad-Hoc|iPhone
		{F22E7E0C-C446-4655-88CC-FED200F6A4C4}.Ad-Hoc|x86.ActiveCfg = Ad-Hoc|iPhone
		{F22E7E0C-C446-4655-88CC-FED200F6A4C4}.AppStore|Any CPU.ActiveCfg = AppStore|iPhone
		{F22E7E0C-C446-4655-88CC-FED200F6A4C4}.AppStore|ARM.ActiveCfg = AppStore|iPhone
		{F22E7E0C-C446-4655-88CC-FED200F6A4C4}.AppStore|iPhone.ActiveCfg = AppStore|iPhone
		{F22E7E0C-C446-4655-88CC-FED200F6A4C4}.AppStore|iPhone.Build.0 = AppStore|iPhone
		{F22E7E0C-C446-4655-88CC-FED200F6A4C4}.AppStore|iPhoneSimulator.ActiveCfg = AppStore|iPhoneSimulator
		{F22E7E0C-C446-4655-88CC-FED200F6A4C4}.AppStore|iPhoneSimulator.Build.0 = AppStore|iPhoneSimulator
		{F22E7E0C-C446-4655-88CC-FED200F6A4C4}.AppStore|x64.ActiveCfg = AppStore|iPhone
		{F22E7E0C-C446-4655-88CC-FED200F6A4C4}.AppStore|x86.ActiveCfg = AppStore|iPhone
		{F22E7E0C-C446-4655-88CC-FED200F6A4C4}.Debug|Any CPU.ActiveCfg = Debug|iPhone
		{F22E7E0C-C446-4655-88CC-FED200F6A4C4}.Debug|ARM.ActiveCfg = Debug|iPhone
		{F22E7E0C-C446-4655-88CC-FED200F6A4C4}.Debug|iPhone.ActiveCfg = Debug|iPhone
		{F22E7E0C-C446-4655-88CC-FED200F6A4C4}.Debug|iPhone.Build.0 = Debug|iPhone
		{F22E7E0C-C446-4655-88CC-FED200F6A4C4}.Debug|iPhoneSimulator.ActiveCfg = Debug|iPhoneSimulator
		{F22E7E0C-C446-4655-88CC-FED200F6A4C4}.Debug|iPhoneSimulator.Build.0 = Debug|iPhoneSimulator
		{F22E7E0C-C446-4655-88CC-FED200F6A4C4}.Debug|x64.ActiveCfg = Debug|iPhone
		{F22E7E0C-C446-4655-88CC-FED200F6A4C4}.Debug|x86.ActiveCfg = Debug|iPhone
		{F22E7E0C-C446-4655-88CC-FED200F6A4C4}.Release|Any CPU.ActiveCfg = Release|iPhone
		{F22E7E0C-C446-4655-88CC-FED200F6A4C4}.Release|ARM.ActiveCfg = Release|iPhone
		{F22E7E0C-C446-4655-88CC-FED200F6A4C4}.Release|iPhone.ActiveCfg = Release|iPhone
		{F22E7E0C-C446-4655-88CC-FED200F6A4C4}.Release|iPhone.Build.0 = Release|iPhone
		{F22E7E0C-C446-4655-88CC-FED200F6A4C4}.Release|iPhoneSimulator.ActiveCfg = Release|iPhoneSimulator
		{F22E7E0C-C446-4655-88CC-FED200F6A4C4}.Release|iPhoneSimulator.Build.0 = Release|iPhoneSimulator
		{F22E7E0C-C446-4655-88CC-FED200F6A4C4}.Release|x64.ActiveCfg = Release|iPhone
		{F22E7E0C-C446-4655-88CC-FED200F6A4C4}.Release|x86.ActiveCfg = Release|iPhone
		{304D624D-2898-4F15-BA9B-C70862572BEA}.Ad-Hoc|Any CPU.ActiveCfg = Release|x86
		{304D624D-2898-4F15-BA9B-C70862572BEA}.Ad-Hoc|Any CPU.Build.0 = Release|x86
		{304D624D-2898-4F15-BA9B-C70862572BEA}.Ad-Hoc|Any CPU.Deploy.0 = Release|x86
		{304D624D-2898-4F15-BA9B-C70862572BEA}.Ad-Hoc|ARM.ActiveCfg = Release|ARM
		{304D624D-2898-4F15-BA9B-C70862572BEA}.Ad-Hoc|ARM.Build.0 = Release|ARM
		{304D624D-2898-4F15-BA9B-C70862572BEA}.Ad-Hoc|ARM.Deploy.0 = Release|ARM
		{304D624D-2898-4F15-BA9B-C70862572BEA}.Ad-Hoc|iPhone.ActiveCfg = Release|x86
		{304D624D-2898-4F15-BA9B-C70862572BEA}.Ad-Hoc|iPhone.Build.0 = Release|x86
		{304D624D-2898-4F15-BA9B-C70862572BEA}.Ad-Hoc|iPhone.Deploy.0 = Release|x86
		{304D624D-2898-4F15-BA9B-C70862572BEA}.Ad-Hoc|iPhoneSimulator.ActiveCfg = Release|x86
		{304D624D-2898-4F15-BA9B-C70862572BEA}.Ad-Hoc|iPhoneSimulator.Build.0 = Release|x86
		{304D624D-2898-4F15-BA9B-C70862572BEA}.Ad-Hoc|iPhoneSimulator.Deploy.0 = Release|x86
		{304D624D-2898-4F15-BA9B-C70862572BEA}.Ad-Hoc|x64.ActiveCfg = Release|x64
		{304D624D-2898-4F15-BA9B-C70862572BEA}.Ad-Hoc|x64.Build.0 = Release|x64
		{304D624D-2898-4F15-BA9B-C70862572BEA}.Ad-Hoc|x64.Deploy.0 = Release|x64
		{304D624D-2898-4F15-BA9B-C70862572BEA}.Ad-Hoc|x86.ActiveCfg = Release|x86
		{304D624D-2898-4F15-BA9B-C70862572BEA}.Ad-Hoc|x86.Build.0 = Release|x86
		{304D624D-2898-4F15-BA9B-C70862572BEA}.Ad-Hoc|x86.Deploy.0 = Release|x86
		{304D624D-2898-4F15-BA9B-C70862572BEA}.AppStore|Any CPU.ActiveCfg = Release|x86
		{304D624D-2898-4F15-BA9B-C70862572BEA}.AppStore|Any CPU.Build.0 = Release|x86
		{304D624D-2898-4F15-BA9B-C70862572BEA}.AppStore|Any CPU.Deploy.0 = Release|x86
		{304D624D-2898-4F15-BA9B-C70862572BEA}.AppStore|ARM.ActiveCfg = Release|ARM
		{304D624D-2898-4F15-BA9B-C70862572BEA}.AppStore|ARM.Build.0 = Release|ARM
		{304D624D-2898-4F15-BA9B-C70862572BEA}.AppStore|ARM.Deploy.0 = Release|ARM
		{304D624D-2898-4F15-BA9B-C70862572BEA}.AppStore|iPhone.ActiveCfg = Release|x86
		{304D624D-2898-4F15-BA9B-C70862572BEA}.AppStore|iPhone.Build.0 = Release|x86
		{304D624D-2898-4F15-BA9B-C70862572BEA}.AppStore|iPhone.Deploy.0 = Release|x86
		{304D624D-2898-4F15-BA9B-C70862572BEA}.AppStore|iPhoneSimulator.ActiveCfg = Release|x86
		{304D624D-2898-4F15-BA9B-C70862572BEA}.AppStore|iPhoneSimulator.Build.0 = Release|x86
		{304D624D-2898-4F15-BA9B-C70862572BEA}.AppStore|iPhoneSimulator.Deploy.0 = Release|x86
		{304D624D-2898-4F15-BA9B-C70862572BEA}.AppStore|x64.ActiveCfg = Release|x64
		{304D624D-2898-4F15-BA9B-C70862572BEA}.AppStore|x64.Build.0 = Release|x64
		{304D624D-2898-4F15-BA9B-C70862572BEA}.AppStore|x64.Deploy.0 = Release|x64
		{304D624D-2898-4F15-BA9B-C70862572BEA}.AppStore|x86.ActiveCfg = Release|x86
		{304D624D-2898-4F15-BA9B-C70862572BEA}.AppStore|x86.Build.0 = Release|x86
		{304D624D-2898-4F15-BA9B-C70862572BEA}.AppStore|x86.Deploy.0 = Release|x86
		{304D624D-2898-4F15-BA9B-C70862572BEA}.Debug|Any CPU.ActiveCfg = Debug|x86
		{304D624D-2898-4F15-BA9B-C70862572BEA}.Debug|ARM.ActiveCfg = Debug|ARM
		{304D624D-2898-4F15-BA9B-C70862572BEA}.Debug|ARM.Build.0 = Debug|ARM
		{304D624D-2898-4F15-BA9B-C70862572BEA}.Debug|ARM.Deploy.0 = Debug|ARM
		{304D624D-2898-4F15-BA9B-C70862572BEA}.Debug|iPhone.ActiveCfg = Debug|x86
		{304D624D-2898-4F15-BA9B-C70862572BEA}.Debug|iPhoneSimulator.ActiveCfg = Debug|x86
		{304D624D-2898-4F15-BA9B-C70862572BEA}.Debug|x64.ActiveCfg = Debug|x64
		{304D624D-2898-4F15-BA9B-C70862572BEA}.Debug|x64.Build.0 = Debug|x64
		{304D624D-2898-4F15-BA9B-C70862572BEA}.Debug|x64.Deploy.0 = Debug|x64
		{304D624D-2898-4F15-BA9B-C70862572BEA}.Debug|x86.ActiveCfg = Debug|x86
		{304D624D-2898-4F15-BA9B-C70862572BEA}.Debug|x86.Build.0 = Debug|x86
		{304D624D-2898-4F15-BA9B-C70862572BEA}.Debug|x86.Deploy.0 = Debug|x86
		{304D624D-2898-4F15-BA9B-C70862572BEA}.Release|Any CPU.ActiveCfg = Release|x86
		{304D624D-2898-4F15-BA9B-C70862572BEA}.Release|ARM.ActiveCfg = Release|ARM
		{304D624D-2898-4F15-BA9B-C70862572BEA}.Release|ARM.Build.0 = Release|ARM
		{304D624D-2898-4F15-BA9B-C70862572BEA}.Release|ARM.Deploy.0 = Release|ARM
		{304D624D-2898-4F15-BA9B-C70862572BEA}.Release|iPhone.ActiveCfg = Release|x86
		{304D624D-2898-4F15-BA9B-C70862572BEA}.Release|iPhoneSimulator.ActiveCfg = Release|x86
		{304D624D-2898-4F15-BA9B-C70862572BEA}.Release|x64.ActiveCfg = Release|x64
		{304D624D-2898-4F15-BA9B-C70862572BEA}.Release|x64.Build.0 = Release|x64
		{304D624D-2898-4F15-BA9B-C70862572BEA}.Release|x64.Deploy.0 = Release|x64
		{304D624D-2898-4F15-BA9B-C70862572BEA}.Release|x86.ActiveCfg = Release|x86
		{304D624D-2898-4F15-BA9B-C70862572BEA}.Release|x86.Build.0 = Release|x86
		{304D624D-2898-4F15-BA9B-C70862572BEA}.Release|x86.Deploy.0 = Release|x86
	EndGlobalSection
	GlobalSection(SolutionProperties) = preSolution
		HideSolutionNode = FALSE
	EndGlobalSection
	GlobalSection(ExtensibilityGlobals) = postSolution
		SolutionGuid = {F13DD53E-2506-44DD-87DA-6F15BDA448D3}
	EndGlobalSection
EndGlobal
